<?xml version="1.0" encoding="utf-8"?>
<Project ToolsVersion="4.0" xmlns="http://schemas.microsoft.com/developer/msbuild/2003">
  <ItemGroup>
    <Filter Include="Engine">
      <UniqueIdentifier>{30ce6a3c-9cb1-453e-8e41-c9aa0cfbe8b3}</UniqueIdentifier>
    </Filter>
    <Filter Include="Game">
      <UniqueIdentifier>{9af889bf-dd91-4906-8467-0a1ae7ef10be}</UniqueIdentifier>
    </Filter>
    <Filter Include="Engine\Windows/D3D">
      <UniqueIdentifier>{0312729f-e4a8-420c-b1c8-fd6d91d972cc}</UniqueIdentifier>
    </Filter>
    <Filter Include="Engine\Utilities">
      <UniqueIdentifier>{21a94f52-76e7-4806-8ded-1571c15981d0}</UniqueIdentifier>
    </Filter>
    <Filter Include="Game\Objects">
      <UniqueIdentifier>{897a9a08-c171-4e58-89b1-717d539a5e3e}</UniqueIdentifier>
    </Filter>
    <Filter Include="Game\Utilities">
      <UniqueIdentifier>{804dfdb3-ceb2-4ddb-a4ae-db6141136cad}</UniqueIdentifier>
    </Filter>
    <Filter Include="Game\Modes">
      <UniqueIdentifier>{80f31a9d-02a3-4505-9ccf-6408096585ec}</UniqueIdentifier>
    </Filter>
    <Filter Include="Game\Modes\Navigational Modes">
      <UniqueIdentifier>{176a0cfe-6883-462b-b2ec-7f0487b5f1e5}</UniqueIdentifier>
    </Filter>
    <Filter Include="Game\Modes\Game">
      <UniqueIdentifier>{4e8c28a2-58a8-4e94-8cee-5a41bfb09092}</UniqueIdentifier>
    </Filter>
    <Filter Include="Game\Modes\Testing">
      <UniqueIdentifier>{3d3e170d-415a-4c4e-b470-59452d9e85eb}</UniqueIdentifier>
    </Filter>
    <Filter Include="Game\Objects\Entities">
      <UniqueIdentifier>{8d2360a0-d301-4db0-a79a-a9f3d0d8b14a}</UniqueIdentifier>
    </Filter>
    <Filter Include="Game\Objects\Terrain">
      <UniqueIdentifier>{479afaf4-0a73-4f5b-9f98-07f30032c2f3}</UniqueIdentifier>
    </Filter>
    <Filter Include="Files">
      <UniqueIdentifier>{e74a7f6c-9c61-4cc3-9c35-5fcf82b11248}</UniqueIdentifier>
    </Filter>
    <Filter Include="Files\Assets">
      <UniqueIdentifier>{7d9241f0-87bd-4cf0-97bb-028c3bc4ed3c}</UniqueIdentifier>
    </Filter>
    <Filter Include="Files\Assets\Textures">
      <UniqueIdentifier>{c18bde48-40d8-4338-8560-f70a0b6de605}</UniqueIdentifier>
    </Filter>
    <Filter Include="Files\Assets\Textures\UI">
      <UniqueIdentifier>{f46c161d-a2d1-4149-8cb1-842e9bff82e3}</UniqueIdentifier>
    </Filter>
    <Filter Include="Files\Assets\Textures\Backgrounds">
      <UniqueIdentifier>{f53b8d29-993f-4d36-bc02-4b1d921d7175}</UniqueIdentifier>
    </Filter>
    <Filter Include="Files\Assets\Textures\Sprites">
      <UniqueIdentifier>{7ad2ba76-f7ec-41fa-9665-63d5eff1681d}</UniqueIdentifier>
    </Filter>
    <Filter Include="Files\Assets\Textures\Misc">
      <UniqueIdentifier>{bccd17e7-dedf-417c-9554-c247d92f0bde}</UniqueIdentifier>
    </Filter>
    <Filter Include="Files\Assets\Textures\RapidJSON">
      <UniqueIdentifier>{9f6f4310-c781-4adb-a80d-00e4feef0d67}</UniqueIdentifier>
    </Filter>
    <Filter Include="Files\RapidJSON">
      <UniqueIdentifier>{604ff52b-3ec9-400d-90c9-04c9b60dfaea}</UniqueIdentifier>
    </Filter>
    <Filter Include="Files\RapidJSON\UI">
      <UniqueIdentifier>{5c92e1b4-111a-4aac-9991-11e6bf338290}</UniqueIdentifier>
    </Filter>
    <Filter Include="Files\RapidJSON\Misc">
      <UniqueIdentifier>{e6d27793-56f0-4c0e-bea2-95730baac9d3}</UniqueIdentifier>
    </Filter>
    <Filter Include="Files\RapidJSON\Configurations">
      <UniqueIdentifier>{9ba88c2a-d630-4342-a510-b330cdc3ede5}</UniqueIdentifier>
    </Filter>
    <Filter Include="Game\Control Schemes">
      <UniqueIdentifier>{c6fc0707-f638-47ad-8511-1c45f2661d33}</UniqueIdentifier>
    </Filter>
    <Filter Include="Game\Definitions/Descriptions">
      <UniqueIdentifier>{236f124a-839d-41f7-adc0-7e9830ea890b}</UniqueIdentifier>
    </Filter>
    <Filter Include="Engine\Managers">
      <UniqueIdentifier>{1584856c-19a8-43bc-bfaa-911830f0bf7c}</UniqueIdentifier>
    </Filter>
    <Filter Include="Engine\Misc">
      <UniqueIdentifier>{9fb9282d-c3d8-4f59-b662-bf32dd4d2c10}</UniqueIdentifier>
    </Filter>
    <Filter Include="Engine\Functionality">
      <UniqueIdentifier>{d663deb3-2594-48af-a5c2-9db65a708d9f}</UniqueIdentifier>
    </Filter>
    <Filter Include="Engine\Loaders">
      <UniqueIdentifier>{f67cd7d5-776a-4c9a-95eb-9a0743473c93}</UniqueIdentifier>
    </Filter>
    <Filter Include="Game\Managers">
      <UniqueIdentifier>{f2c3e304-d603-4359-85a7-a92ded7c7520}</UniqueIdentifier>
    </Filter>
    <Filter Include="Game\Gameplay">
      <UniqueIdentifier>{750bc513-3968-40dc-83b1-5d8dee76f7d8}</UniqueIdentifier>
    </Filter>
    <Filter Include="Game\Entity Modules">
      <UniqueIdentifier>{3675b7f2-2e2d-437e-9681-908952e673f4}</UniqueIdentifier>
    </Filter>
    <Filter Include="Game\Entity Modules\Movement">
      <UniqueIdentifier>{e77b3906-5b16-43b3-aace-2f5b21230cc0}</UniqueIdentifier>
    </Filter>
    <Filter Include="Game\Entity Modules\Types">
      <UniqueIdentifier>{c1404552-2cbf-4597-a19a-22fb45347a1f}</UniqueIdentifier>
    </Filter>
    <Filter Include="Game\Entity Modules\Control">
      <UniqueIdentifier>{3bf91443-7385-48c9-bc51-145dbe43e6dc}</UniqueIdentifier>
    </Filter>
    <Filter Include="Engine\Types">
      <UniqueIdentifier>{9b62c435-23de-4b54-84d8-af345becc96c}</UniqueIdentifier>
    </Filter>
    <Filter Include="Engine\Threading">
      <UniqueIdentifier>{a5d830d9-ad2b-4763-b554-363fb0a8c988}</UniqueIdentifier>
    </Filter>
    <Filter Include="Files\RapidJSON\Units">
      <UniqueIdentifier>{74f79e3a-4084-489d-bd5b-3fd4225e65b0}</UniqueIdentifier>
    </Filter>
    <Filter Include="Files\Manifests">
      <UniqueIdentifier>{e7b63665-c18c-42f6-86a0-61acb8c7c936}</UniqueIdentifier>
    </Filter>
    <Filter Include="Game\Objects\Testing">
      <UniqueIdentifier>{e95a5e4e-3eef-4d34-9713-c8d8bab18208}</UniqueIdentifier>
    </Filter>
    <Filter Include="Engine\Descriptions/Definitions">
      <UniqueIdentifier>{5a51fd4c-abff-4649-abe4-b9999ec57b52}</UniqueIdentifier>
    </Filter>
    <Filter Include="Game\Managers\Sub-Managers">
      <UniqueIdentifier>{7fdae3b2-bff0-4a35-98ec-e159b3094e26}</UniqueIdentifier>
    </Filter>
    <Filter Include="Game\Types">
      <UniqueIdentifier>{525408a8-6549-4447-accc-97a2d7ba868f}</UniqueIdentifier>
    </Filter>
    <Filter Include="Game\Objects\Misc">
      <UniqueIdentifier>{c7ae7e5e-d1fc-4628-be40-a6d6da82a4c1}</UniqueIdentifier>
    </Filter>
    <Filter Include="Game\Objects\UIs">
      <UniqueIdentifier>{f3d0d28b-60f2-4a9a-a2a4-e089c83b1255}</UniqueIdentifier>
    </Filter>
    <Filter Include="Game\Functionality">
      <UniqueIdentifier>{c7b60fba-6b09-4425-99c1-0895c8fda900}</UniqueIdentifier>
    </Filter>
    <Filter Include="Game\Objects\UIs\Menus">
      <UniqueIdentifier>{51854c58-aa88-41e4-a5c8-a7a81cf15f2d}</UniqueIdentifier>
    </Filter>
    <Filter Include="Game\Objects\UIs\Frames">
      <UniqueIdentifier>{c6b7432e-eb9e-4a0a-90fa-0b2862369cd8}</UniqueIdentifier>
    </Filter>
    <Filter Include="Game\AI">
      <UniqueIdentifier>{977754af-8385-46e6-91c7-823ea3672c20}</UniqueIdentifier>
    </Filter>
    <Filter Include="Game\AI\FuzzyLogic">
      <UniqueIdentifier>{36210b23-a2fb-4994-b379-4b4a2422a270}</UniqueIdentifier>
    </Filter>
    <Filter Include="Game\AI\Files">
      <UniqueIdentifier>{488ff0a3-8be5-4766-8032-f8e0f183b8fd}</UniqueIdentifier>
    </Filter>
    <Filter Include="Game\AI\Controllers">
      <UniqueIdentifier>{62372f48-4566-4239-b0ed-92a87c12d30d}</UniqueIdentifier>
    </Filter>
    <Filter Include="Game\AI\FuzzyLogic\Members">
      <UniqueIdentifier>{4abfad79-69e7-4a7b-a109-056ef6542fa6}</UniqueIdentifier>
    </Filter>
    <Filter Include="Game\AI\FuzzyLogic\Controller">
      <UniqueIdentifier>{63b30d01-7e35-438d-bff9-d3605879549b}</UniqueIdentifier>
    </Filter>
    <Filter Include="Game\AI\Behaviour Trees">
      <UniqueIdentifier>{4c617e1e-3f73-449a-bd41-fe1de6bd3644}</UniqueIdentifier>
    </Filter>
    <Filter Include="Game\AI\Behaviour Trees\Models">
      <UniqueIdentifier>{366f01d0-de81-4e64-b647-1b62874fb1a6}</UniqueIdentifier>
    </Filter>
  </ItemGroup>
  <ItemGroup>
    <ClCompile Include="D3D.cpp">
      <Filter>Engine\Windows/D3D</Filter>
    </ClCompile>
    <ClCompile Include="main.cpp">
      <Filter>Engine\Windows/D3D</Filter>
    </ClCompile>
    <ClCompile Include="D3DUtils.cpp">
      <Filter>Engine\Utilities</Filter>
    </ClCompile>
    <ClCompile Include="D3DUtils_Debug.cpp">
      <Filter>Engine\Utilities</Filter>
    </ClCompile>
    <ClCompile Include="All_Includes.h">
      <Filter>Engine\Utilities</Filter>
    </ClCompile>
    <ClCompile Include="MathHelper.cpp">
      <Filter>Engine\Utilities</Filter>
    </ClCompile>
    <ClCompile Include="GeneralUtils.cpp">
      <Filter>Engine\Utilities</Filter>
    </ClCompile>
    <ClCompile Include="TextureManager.cpp">
      <Filter>Engine\Managers</Filter>
    </ClCompile>
    <ClCompile Include="ModeManager.cpp">
      <Filter>Engine\Managers</Filter>
    </ClCompile>
    <ClCompile Include="UIElementManager.cpp">
      <Filter>Engine\Managers</Filter>
    </ClCompile>
    <ClCompile Include="InputManager.cpp">
      <Filter>Engine\Managers</Filter>
    </ClCompile>
    <ClCompile Include="RapidJSONLoaderUtils.cpp">
      <Filter>Engine\Loaders</Filter>
    </ClCompile>
    <ClCompile Include="2DCameraTypes.cpp">
      <Filter>Engine\Functionality</Filter>
    </ClCompile>
    <ClCompile Include="Game.cpp">
      <Filter>Game</Filter>
    </ClCompile>
    <ClCompile Include="AudioManager.cpp">
      <Filter>Engine\Managers</Filter>
    </ClCompile>
    <ClCompile Include="UITypes.cpp">
      <Filter>Engine\Types</Filter>
    </ClCompile>
    <ClCompile Include="EM_Sprite.cpp">
      <Filter>Game\Entity Modules\Types</Filter>
    </ClCompile>
    <ClCompile Include="EM_Animator.cpp">
      <Filter>Game\Entity Modules\Types</Filter>
    </ClCompile>
    <ClCompile Include="CS_Interface.cpp">
      <Filter>Game\Control Schemes</Filter>
    </ClCompile>
    <ClCompile Include="CS_Platformer_00.cpp">
      <Filter>Game\Control Schemes</Filter>
    </ClCompile>
    <ClCompile Include="EM_FixedMovement.cpp">
      <Filter>Game\Entity Modules\Movement</Filter>
    </ClCompile>
    <ClCompile Include="EM_MultiSprite_Type1.cpp">
      <Filter>Game\Entity Modules\Types</Filter>
    </ClCompile>
    <ClCompile Include="GameTimer.cpp">
      <Filter>Engine\Functionality</Filter>
    </ClCompile>
    <ClCompile Include="GameplayManager.cpp">
      <Filter>Game\Managers</Filter>
    </ClCompile>
    <ClCompile Include="GameVolume.cpp">
      <Filter>Engine\Types</Filter>
    </ClCompile>
    <ClCompile Include="JobSystem.cpp">
      <Filter>Engine\Threading</Filter>
    </ClCompile>
    <ClCompile Include="CollisionTypes.cpp">
      <Filter>Engine\Functionality</Filter>
    </ClCompile>
    <ClCompile Include="Entity_GameUnit.cpp">
      <Filter>Game\Objects\Entities</Filter>
    </ClCompile>
    <ClCompile Include="TestingEntity.cpp">
      <Filter>Game\Objects\Testing</Filter>
    </ClCompile>
    <ClCompile Include="SM_TeamsManager.cpp">
      <Filter>Game\Managers\Sub-Managers</Filter>
    </ClCompile>
    <ClCompile Include="SM_UnitDataManager.cpp">
      <Filter>Game\Managers\Sub-Managers</Filter>
    </ClCompile>
    <ClCompile Include="TeamEntry.cpp">
      <Filter>Game\Types</Filter>
    </ClCompile>
    <ClCompile Include="SceneCamera2D.cpp">
      <Filter>Game\Objects\Misc</Filter>
    </ClCompile>
    <ClCompile Include="EM_Coordinates.cpp">
      <Filter>Game\Entity Modules\Control</Filter>
    </ClCompile>
    <ClCompile Include="Mode_MainGame.cpp">
      <Filter>Game\Modes\Game</Filter>
    </ClCompile>
    <ClCompile Include="SM_GameStateManager.cpp">
      <Filter>Game\Managers\Sub-Managers</Filter>
    </ClCompile>
    <ClCompile Include="TilesetManager.cpp">
      <Filter>Engine\Managers</Filter>
    </ClCompile>
    <ClCompile Include="CS_Main_00.cpp">
      <Filter>Game\Control Schemes</Filter>
    </ClCompile>
    <ClCompile Include="SM_TilemapManager.cpp">
      <Filter>Game\Managers\Sub-Managers</Filter>
    </ClCompile>
    <ClCompile Include="Tiled_LoadingMethods.cpp">
      <Filter>Game\Utilities</Filter>
    </ClCompile>
    <ClCompile Include="Tiled_TilemapUtils.cpp">
      <Filter>Game\Utilities</Filter>
    </ClCompile>
    <ClCompile Include="MT_Type1.cpp">
      <Filter>Game\Objects\Terrain</Filter>
    </ClCompile>
    <ClCompile Include="MT_Animator.cpp">
      <Filter>Game\Types</Filter>
    </ClCompile>
    <ClCompile Include="MT_Pathfinder_00.cpp">
      <Filter>Game\Types</Filter>
    </ClCompile>
    <ClCompile Include="MT_TargetingManager.cpp">
      <Filter>Game\Managers\Sub-Managers</Filter>
    </ClCompile>
    <ClCompile Include="SM_CombatManager.cpp">
      <Filter>Game\Managers\Sub-Managers</Filter>
    </ClCompile>
    <ClCompile Include="UI_UnitInfoWindow.cpp">
      <Filter>Game\Objects\UIs\Frames</Filter>
    </ClCompile>
    <ClCompile Include="UI_UnitFrame.cpp">
      <Filter>Game\Objects\UIs\Frames</Filter>
    </ClCompile>
    <ClCompile Include="UI_UnitActionMenu.cpp">
      <Filter>Game\Objects\UIs\Menus</Filter>
    </ClCompile>
    <ClCompile Include="UI_GameTooltip.cpp">
      <Filter>Game\Objects\UIs\Frames</Filter>
    </ClCompile>
    <ClCompile Include="UI_GameMasterMenu.cpp">
      <Filter>Game\Objects\UIs\Menus</Filter>
    </ClCompile>
    <ClCompile Include="SM_ScenarioManager.cpp">
      <Filter>Game\Managers\Sub-Managers</Filter>
    </ClCompile>
    <ClCompile Include="UI_ScenarioEndMenu.cpp">
      <Filter>Game\Objects\UIs\Menus</Filter>
    </ClCompile>
    <ClCompile Include="Entity_TileCursor.cpp">
      <Filter>Game\Objects\Entities</Filter>
    </ClCompile>
    <ClCompile Include="LogoSlider.cpp">
      <Filter>Game\Objects</Filter>
    </ClCompile>
    <ClCompile Include="Mode_SplashScreen.cpp">
      <Filter>Game\Modes\Navigational Modes</Filter>
    </ClCompile>
    <ClCompile Include="Mode_MainMenu.cpp">
      <Filter>Game\Modes\Navigational Modes</Filter>
    </ClCompile>
    <ClCompile Include="AI_Unit_Controller_00.cpp">
      <Filter>Game\AI\Controllers</Filter>
    </ClCompile>
    <ClCompile Include="FL_Members.cpp">
      <Filter>Game\AI\FuzzyLogic\Members</Filter>
    </ClCompile>
    <ClCompile Include="FL_Member_Interface.cpp">
      <Filter>Game\AI\FuzzyLogic\Members</Filter>
    </ClCompile>
    <ClCompile Include="FL_Controller.cpp">
      <Filter>Game\AI\FuzzyLogic\Controller</Filter>
    </ClCompile>
    <ClCompile Include="FL_RuleModule.cpp">
      <Filter>Game\AI\FuzzyLogic\Controller</Filter>
    </ClCompile>
    <ClCompile Include="FL_Set.cpp">
      <Filter>Game\AI\FuzzyLogic\Controller</Filter>
    </ClCompile>
    <ClCompile Include="SM_CombatLog.cpp">
      <Filter>Game\Managers\Sub-Managers</Filter>
    </ClCompile>
    <ClCompile Include="AI_BehaviourTree_Interface.cpp">
      <Filter>Game\AI\Behaviour Trees</Filter>
    </ClCompile>
    <ClCompile Include="AI_BehaviourTree_Node.cpp">
      <Filter>Game\AI\Behaviour Trees</Filter>
    </ClCompile>
    <ClCompile Include="FL_Action_Module.cpp">
      <Filter>Game\AI\FuzzyLogic</Filter>
    </ClCompile>
  </ItemGroup>
  <ItemGroup>
    <ClInclude Include="D3D.h">
      <Filter>Engine\Windows/D3D</Filter>
    </ClInclude>
    <ClInclude Include="D3DUtils.h">
      <Filter>Engine\Utilities</Filter>
    </ClInclude>
    <ClInclude Include="D3DUtils_Debug.h">
      <Filter>Engine\Utilities</Filter>
    </ClInclude>
    <ClInclude Include="MathHelper.h">
      <Filter>Engine\Utilities</Filter>
    </ClInclude>
    <ClInclude Include="GeneralUtils.h">
      <Filter>Engine\Utilities</Filter>
    </ClInclude>
    <ClInclude Include="TextureManager.h">
      <Filter>Engine\Managers</Filter>
    </ClInclude>
    <ClInclude Include="ModeManager.h">
      <Filter>Engine\Managers</Filter>
    </ClInclude>
    <ClInclude Include="UIElementManager.h">
      <Filter>Engine\Managers</Filter>
    </ClInclude>
    <ClInclude Include="ModeInterface.h">
      <Filter>Engine\Managers</Filter>
    </ClInclude>
    <ClInclude Include="InputManager.h">
      <Filter>Engine\Managers</Filter>
    </ClInclude>
    <ClInclude Include="RapidJSONLoaderUtils.h">
      <Filter>Engine\Loaders</Filter>
    </ClInclude>
    <ClInclude Include="GameUtilities.h">
      <Filter>Game\Utilities</Filter>
    </ClInclude>
    <ClInclude Include="2DCameraTypes.h">
      <Filter>Engine\Functionality</Filter>
    </ClInclude>
    <ClInclude Include="Game.h">
      <Filter>Game</Filter>
    </ClInclude>
    <ClInclude Include="AudioManager.h">
      <Filter>Engine\Managers</Filter>
    </ClInclude>
    <ClInclude Include="UITypes.h">
      <Filter>Engine\Types</Filter>
    </ClInclude>
    <ClInclude Include="EngineDefinitions.h">
      <Filter>Engine\Descriptions/Definitions</Filter>
    </ClInclude>
    <ClInclude Include="TextureDescriptions.h">
      <Filter>Engine\Descriptions/Definitions</Filter>
    </ClInclude>
    <ClInclude Include="UIDefinitions.h">
      <Filter>Engine\Descriptions/Definitions</Filter>
    </ClInclude>
    <ClInclude Include="EM_Sprite.h">
      <Filter>Game\Entity Modules\Types</Filter>
    </ClInclude>
    <ClInclude Include="EM_Animator.h">
      <Filter>Game\Entity Modules\Types</Filter>
    </ClInclude>
    <ClInclude Include="EM_EntityInterface.h">
      <Filter>Game\Entity Modules</Filter>
    </ClInclude>
    <ClInclude Include="CS_Interface.h">
      <Filter>Game\Control Schemes</Filter>
    </ClInclude>
    <ClInclude Include="CS_Platformer_00.h">
      <Filter>Game\Control Schemes</Filter>
    </ClInclude>
    <ClInclude Include="EM_FixedMovement.h">
      <Filter>Game\Entity Modules\Movement</Filter>
    </ClInclude>
    <ClInclude Include="GameDefinitions.h">
      <Filter>Game\Definitions/Descriptions</Filter>
    </ClInclude>
    <ClInclude Include="AnimationDefinitions.h">
      <Filter>Game\Definitions/Descriptions</Filter>
    </ClInclude>
    <ClInclude Include="EM_Coordinates.h">
      <Filter>Game\Entity Modules\Control</Filter>
    </ClInclude>
    <ClInclude Include="EM_MultiSprite_Type1.h">
      <Filter>Game\Entity Modules\Types</Filter>
    </ClInclude>
    <ClInclude Include="GameTimer.h">
      <Filter>Engine\Functionality</Filter>
    </ClInclude>
    <ClInclude Include="GameplayManager.h">
      <Filter>Game\Managers</Filter>
    </ClInclude>
    <ClInclude Include="AudioDefinitions.h">
      <Filter>Engine\Descriptions/Definitions</Filter>
    </ClInclude>
    <ClInclude Include="GameVolume.h">
      <Filter>Engine\Types</Filter>
    </ClInclude>
    <ClInclude Include="JobSystem.h">
      <Filter>Engine\Threading</Filter>
    </ClInclude>
    <ClInclude Include="JobDefinitions.h">
      <Filter>Engine\Threading</Filter>
    </ClInclude>
    <ClInclude Include="EM_Jobs.h">
      <Filter>Game\Entity Modules</Filter>
    </ClInclude>
    <ClInclude Include="CollisionTypes.h">
      <Filter>Engine\Functionality</Filter>
    </ClInclude>
    <ClInclude Include="Mode_SplashScreen.h">
      <Filter>Game\Modes\Navigational Modes</Filter>
    </ClInclude>
    <ClInclude Include="Mode_MainMenu.h">
      <Filter>Game\Modes\Navigational Modes</Filter>
    </ClInclude>
    <ClInclude Include="GameConstants.h">
      <Filter>Game\Definitions/Descriptions</Filter>
    </ClInclude>
    <ClInclude Include="Entity_GameUnit.h">
      <Filter>Game\Objects\Entities</Filter>
    </ClInclude>
    <ClInclude Include="TestingEntity.h">
      <Filter>Game\Objects\Testing</Filter>
    </ClInclude>
    <ClInclude Include="GameTypes.h">
      <Filter>Game\Definitions/Descriptions</Filter>
    </ClInclude>
    <ClInclude Include="SM_TeamsManager.h">
      <Filter>Game\Managers\Sub-Managers</Filter>
    </ClInclude>
    <ClInclude Include="SM_UnitDataManager.h">
      <Filter>Game\Managers\Sub-Managers</Filter>
    </ClInclude>
    <ClInclude Include="TeamEntry.h">
      <Filter>Game\Types</Filter>
    </ClInclude>
    <ClInclude Include="SceneCamera2D.h">
      <Filter>Game\Objects\Misc</Filter>
    </ClInclude>
    <ClInclude Include="Mode_MainGame.h">
      <Filter>Game\Modes\Game</Filter>
    </ClInclude>
    <ClInclude Include="SM_GameStateManager.h">
      <Filter>Game\Managers\Sub-Managers</Filter>
    </ClInclude>
    <ClInclude Include="TilesetManager.h">
      <Filter>Engine\Managers</Filter>
    </ClInclude>
    <ClInclude Include="CS_Main_00.h">
      <Filter>Game\Control Schemes</Filter>
    </ClInclude>
    <ClInclude Include="SM_TilemapManager.h">
      <Filter>Game\Managers\Sub-Managers</Filter>
    </ClInclude>
    <ClInclude Include="Tiled_LoadingMethods.h">
      <Filter>Game\Utilities</Filter>
    </ClInclude>
    <ClInclude Include="Tiled_Utils.h">
      <Filter>Game\Utilities</Filter>
    </ClInclude>
    <ClInclude Include="Tiled_Types.h">
      <Filter>Game\Types</Filter>
    </ClInclude>
    <ClInclude Include="MT_Type1.h">
      <Filter>Game\Objects\Terrain</Filter>
    </ClInclude>
    <ClInclude Include="MT_Animator.h">
      <Filter>Game\Types</Filter>
    </ClInclude>
    <ClInclude Include="MT_Pathfinder_00.h">
      <Filter>Game\Types</Filter>
    </ClInclude>
    <ClInclude Include="MT_TargetingManager.h">
      <Filter>Game\Managers\Sub-Managers</Filter>
    </ClInclude>
    <ClInclude Include="SM_CombatManager.h">
      <Filter>Game\Managers\Sub-Managers</Filter>
    </ClInclude>
    <ClInclude Include="UI_UnitInfoWindow.h">
      <Filter>Game\Objects\UIs\Frames</Filter>
    </ClInclude>
    <ClInclude Include="UI_UnitFrame.h">
      <Filter>Game\Objects\UIs\Frames</Filter>
    </ClInclude>
    <ClInclude Include="UI_UnitActionMenu.h">
      <Filter>Game\Objects\UIs\Menus</Filter>
    </ClInclude>
    <ClInclude Include="UI_GameTooltip.h">
      <Filter>Game\Objects\UIs\Frames</Filter>
    </ClInclude>
    <ClInclude Include="UI_GameMasterMenu.h">
      <Filter>Game\Objects\UIs\Menus</Filter>
    </ClInclude>
    <ClInclude Include="SM_ScenarioManager.h">
      <Filter>Game\Managers\Sub-Managers</Filter>
    </ClInclude>
    <ClInclude Include="UI_ScenarioEndMenu.h">
      <Filter>Game\Objects\UIs\Menus</Filter>
    </ClInclude>
    <ClInclude Include="Entity_TileCursor.h">
      <Filter>Game\Objects\Entities</Filter>
    </ClInclude>
    <ClInclude Include="LogoSlider.h">
      <Filter>Game\Objects</Filter>
    </ClInclude>
    <ClInclude Include="AI_Unit_Controller_00.h">
      <Filter>Game\AI\Controllers</Filter>
    </ClInclude>
    <ClInclude Include="FL_Members.h">
      <Filter>Game\AI\FuzzyLogic\Members</Filter>
    </ClInclude>
    <ClInclude Include="FL_Member_Interface.h">
      <Filter>Game\AI\FuzzyLogic\Members</Filter>
    </ClInclude>
    <ClInclude Include="FL_Controller.h">
      <Filter>Game\AI\FuzzyLogic\Controller</Filter>
    </ClInclude>
    <ClInclude Include="FL_RuleModule.h">
      <Filter>Game\AI\FuzzyLogic\Controller</Filter>
    </ClInclude>
    <ClInclude Include="FL_Set.h">
      <Filter>Game\AI\FuzzyLogic\Controller</Filter>
    </ClInclude>
    <ClInclude Include="SM_CombatLog.h">
      <Filter>Game\Managers\Sub-Managers</Filter>
    </ClInclude>
    <ClInclude Include="AI_BehaviourTree_00.h">
      <Filter>Game\AI\Behaviour Trees\Models</Filter>
    </ClInclude>
    <ClInclude Include="AI_BehaviourTree_Interface.h">
      <Filter>Game\AI\Behaviour Trees</Filter>
    </ClInclude>
    <ClInclude Include="AI_BehaviourTreeManager.h">
      <Filter>Game\AI\Behaviour Trees</Filter>
    </ClInclude>
    <ClInclude Include="AI_BehaviourTree_Node.h">
      <Filter>Game\AI\Behaviour Trees</Filter>
    </ClInclude>
    <ClInclude Include="AI_Definitions.h">
      <Filter>Game\AI</Filter>
    </ClInclude>
    <ClInclude Include="FL_Action_Module.h">
      <Filter>Game\AI\FuzzyLogic</Filter>
    </ClInclude>
  </ItemGroup>
  <ItemGroup>
    <None Include="bin\data\files\UI_Config_Example_00.json">
      <Filter>Files\RapidJSON\UI</Filter>
    </None>
    <None Include="bin\data\files\Default_CS_00.json">
      <Filter>Files\RapidJSON\Configurations</Filter>
    </None>
    <None Include="bin\data\textures\sprites\Anim_Test_SS_00.json">
      <Filter>Files\Assets\Textures\Sprites</Filter>
    </None>
    <None Include="bin\data\textures\misc\Testing_Texture_00.json">
      <Filter>Files\Assets\Textures\Misc</Filter>
    </None>
    <None Include="bin\data\files\Unit_Matchups_00.json">
      <Filter>Files\RapidJSON\Units</Filter>
    </None>
    <None Include="bin\data\files\Units_00.json">
      <Filter>Files\RapidJSON\Units</Filter>
    </None>
    <None Include="bin\data\textures\sprites\Assassin_Class_Spritesheet.json">
      <Filter>Files\Assets\Textures\Sprites</Filter>
    </None>
    <None Include="bin\data\textures\sprites\Barbarian_Class_Spritesheet.json">
      <Filter>Files\Assets\Textures\Sprites</Filter>
    </None>
    <None Include="bin\data\textures\sprites\Centaur_Class_Spritesheet.json">
      <Filter>Files\Assets\Textures\Sprites</Filter>
    </None>
    <None Include="bin\data\textures\sprites\Necromancer_Class_Spritesheet.json">
      <Filter>Files\Assets\Textures\Sprites</Filter>
    </None>
    <None Include="bin\data\textures\sprites\Sorceress_Class_Spritesheet.json">
      <Filter>Files\Assets\Textures\Sprites</Filter>
    </None>
    <None Include="bin\data\textures\sprites\Warrior_Class_Spritesheet.json">
      <Filter>Files\Assets\Textures\Sprites</Filter>
    </None>
    <None Include="bin\data\files\Master_Manifest_00.json">
      <Filter>Files\Manifests</Filter>
    </None>
    <None Include="bin\data\files\Font_Manifest_00.json">
      <Filter>Files\Manifests</Filter>
    </None>
    <None Include="bin\data\files\Texture_Manifest_00.json">
      <Filter>Files\Manifests</Filter>
    </None>
    <None Include="bin\data\files\Game_UI_Config_00.json">
      <Filter>Files\RapidJSON\UI</Filter>
    </None>
    <None Include="bin\data\files\AI_Configs_00.json">
      <Filter>Game\AI\Files</Filter>
    </None>
  </ItemGroup>
  <ItemGroup>
    <Image Include="bin\data\textures\misc\Testing_Texture_00.dds">
      <Filter>Files\Assets\Textures\Misc</Filter>
    </Image>
    <Image Include="bin\data\textures\sprites\Anim_Test_SS_00.dds">
      <Filter>Files\Assets\Textures\Sprites</Filter>
    </Image>
    <Image Include="bin\data\textures\backgrounds\RB_WP_00.dds">
      <Filter>Files\Assets\Textures\Backgrounds</Filter>
    </Image>
    <Image Include="bin\data\textures\sprites\Assassin_Class_Spritesheet.dds">
      <Filter>Files\Assets\Textures\Sprites</Filter>
    </Image>
    <Image Include="bin\data\textures\sprites\Barbarian_Class_Spritesheet.dds">
      <Filter>Files\Assets\Textures\Sprites</Filter>
    </Image>
    <Image Include="bin\data\textures\sprites\Centaur_Class_Spritesheet.dds">
      <Filter>Files\Assets\Textures\Sprites</Filter>
    </Image>
    <Image Include="bin\data\textures\sprites\Necromancer_Class_Spritesheet.dds">
      <Filter>Files\Assets\Textures\Sprites</Filter>
    </Image>
    <Image Include="bin\data\textures\sprites\Sorceress_Class_Spritesheet.dds">
      <Filter>Files\Assets\Textures\Sprites</Filter>
    </Image>
    <Image Include="bin\data\textures\sprites\Warrior_Class_Spritesheet.dds">
      <Filter>Files\Assets\Textures\Sprites</Filter>
    </Image>
  </ItemGroup>
</Project>